github.com/tabler/tabler-icons v1.91.0 h1:c/FrIlyhze5ujrlVjPOoZNYmQE8+gVXVEgossWEL0TA=
github.com/tabler/tabler-icons v1.91.0/go.mod h1:Ap75CRdhXxprnUnPlUCRLvJ2pIFNqwxIipj3GfD6XHE=
github.com/tabler/tabler-icons v1.93.0 h1:JqhaWjRKyOS2TwFtbwgSmgGYGuZQL3jHvn9viE7GZ6g=
github.com/tabler/tabler-icons v1.93.0/go.mod h1:Ap75CRdhXxprnUnPlUCRLvJ2pIFNqwxIipj3GfD6XHE=
github.com/tailwindlabs/heroicons v2.0.8+incompatible h1:nTgA3JDvU/W8eF2xzEAG8wCDn+cX3WxhnMbTYFNwaeU=
github.com/tailwindlabs/heroicons v2.0.8+incompatible/go.mod h1:2SHGOdw86jviBkoeQINcTfkzAAao9dciip4RsMS9xIg=
github.com/tailwindlabs/heroicons v2.0.10+incompatible h1:7VUv6ZGIkDIO0SkGvaEixabonKkn+Kn7aNX4buoECqU=
github.com/tailwindlabs/heroicons v2.0.10+incompatible/go.mod h1:2SHGOdw86jviBkoeQINcTfkzAAao9dciip4RsMS9xIg=
github.com/twbs/icons v1.9.1 h1:NDdenWKL1Ioe8O5tV0m/pNC/J68kGE3GjH3DPTI1zE0=
github.com/twbs/icons v1.9.1/go.mod h1:GnRlymgVWp5iVJCMa0Me5b6tFyGpVc2bSxPMRGIJmyA=
