github.com/tabler/tabler-icons v1.88.0 h1:o2mm55b9+5+HYlKWpEKVaZwGbPXAkYL+B64uL3Nc8tc=
github.com/tabler/tabler-icons v1.88.0/go.mod h1:Ap75CRdhXxprnUnPlUCRLvJ2pIFNqwxIipj3GfD6XHE=
github.com/tailwindlabs/heroicons v2.0.7+incompatible h1:I48U2j97k8IdNsuY/8iCqursZgFWCiVYPkv6mgW6mzA=
github.com/tailwindlabs/heroicons v2.0.7+incompatible/go.mod h1:2SHGOdw86jviBkoeQINcTfkzAAao9dciip4RsMS9xIg=
github.com/twbs/icons v1.9.1 h1:NDdenWKL1Ioe8O5tV0m/pNC/J68kGE3GjH3DPTI1zE0=
github.com/twbs/icons v1.9.1/go.mod h1:GnRlymgVWp5iVJCMa0Me5b6tFyGpVc2bSxPMRGIJmyA=
