github.com/tailwindlabs/heroicons v1.0.6 h1:XquXj196+XH8+EUDC1wXKMCF6F2ziVKncN66bYgL/Eo=
github.com/tailwindlabs/heroicons v1.0.6/go.mod h1:2SHGOdw86jviBkoeQINcTfkzAAao9dciip4RsMS9xIg=
github.com/twbs/icons v1.9.1 h1:NDdenWKL1Ioe8O5tV0m/pNC/J68kGE3GjH3DPTI1zE0=
github.com/twbs/icons v1.9.1/go.mod h1:GnRlymgVWp5iVJCMa0Me5b6tFyGpVc2bSxPMRGIJmyA=
